<?xml version="1.0" encoding="utf-8"?>
<Project ToolsVersion="4.0" xmlns="http://schemas.microsoft.com/developer/msbuild/2003">
  <ItemGroup>
    <Filter Include="ソース ファイル">
      <UniqueIdentifier>{4FC737F1-C7A5-4376-A066-2A32D752A2FF}</UniqueIdentifier>
      <Extensions>cpp;c;cc;cxx;c++;cppm;ixx;def;odl;idl;hpj;bat;asm;asmx</Extensions>
    </Filter>
    <Filter Include="リソース ファイル">
      <UniqueIdentifier>{67DA6AB6-F800-4c08-8B7A-83BB121AAD01}</UniqueIdentifier>
      <Extensions>rc;ico;cur;bmp;dlg;rc2;rct;bin;rgs;gif;jpg;jpeg;jpe;resx;tiff;tif;png;wav;mfcribbon-ms</Extensions>
    </Filter>
    <Filter Include="ライブラリファイル">
      <UniqueIdentifier>{8b391ebd-f3e1-416e-8553-128edbb800d5}</UniqueIdentifier>
    </Filter>
    <Filter Include="ソース ファイル\App">
      <UniqueIdentifier>{354a22a3-492b-4903-9777-e371ccf82340}</UniqueIdentifier>
    </Filter>
    <Filter Include="ソース ファイル\App\Scene">
      <UniqueIdentifier>{65948329-30ac-4231-b257-0f6a697245ac}</UniqueIdentifier>
    </Filter>
    <Filter Include="ライブラリファイル\DirectXTex">
      <UniqueIdentifier>{8dbd5fcb-c009-440e-aab0-35b506015180}</UniqueIdentifier>
    </Filter>
    <Filter Include="ソース ファイル\Engine">
      <UniqueIdentifier>{908a31bd-90a4-4124-8eb3-846bd4804d6b}</UniqueIdentifier>
    </Filter>
    <Filter Include="ソース ファイル\Engine\Editor">
      <UniqueIdentifier>{c68b8e43-7fb6-4c13-8709-35de76223dcc}</UniqueIdentifier>
    </Filter>
    <Filter Include="ソース ファイル\Engine\Runtime">
      <UniqueIdentifier>{45279162-f811-4376-b879-0750af7b61c1}</UniqueIdentifier>
    </Filter>
    <Filter Include="ソース ファイル\Engine\Resource">
      <UniqueIdentifier>{609d81c1-33ec-4d92-89df-c637151007d2}</UniqueIdentifier>
    </Filter>
    <Filter Include="ソース ファイル\Engine\Runtime\Component">
      <UniqueIdentifier>{08e6f6a3-80bc-41ef-bec8-3b10390c27c0}</UniqueIdentifier>
    </Filter>
    <Filter Include="ソース ファイル\Engine\Runtime\System">
      <UniqueIdentifier>{fe1a72dc-dccc-4cd0-aa6e-b346d8e24dda}</UniqueIdentifier>
    </Filter>
    <Filter Include="ソース ファイル\Engine\Editor\Core">
      <UniqueIdentifier>{18efbe2b-78c6-46cb-8ecc-0b23326b130a}</UniqueIdentifier>
    </Filter>
    <Filter Include="ソース ファイル\Engine\Editor\D3D11">
      <UniqueIdentifier>{630a687c-2f6f-498a-ae0a-c5abcc4134a6}</UniqueIdentifier>
    </Filter>
    <Filter Include="ソース ファイル\Engine\Editor\D3D12">
      <UniqueIdentifier>{4fe7e3ec-9efe-466f-8692-fe916eb5b4a3}</UniqueIdentifier>
    </Filter>
    <Filter Include="ソース ファイル\Engine\Editor\Window">
      <UniqueIdentifier>{1073dd65-51c7-4645-a788-29bc439262c8}</UniqueIdentifier>
    </Filter>
    <Filter Include="ソース ファイル\Engine\Core">
      <UniqueIdentifier>{bccd5a6f-ec04-4fd9-9e59-a516081fca50}</UniqueIdentifier>
    </Filter>
    <Filter Include="ソース ファイル\Engine\Utils">
      <UniqueIdentifier>{63381a8b-f36c-4a06-80fd-5bfb8b1dfcfe}</UniqueIdentifier>
    </Filter>
    <Filter Include="ソース ファイル\Engine\Runtime\Core">
      <UniqueIdentifier>{0903154d-3f5e-4889-9f96-7356d96f7674}</UniqueIdentifier>
    </Filter>
    <Filter Include="ソース ファイル\Engine\Resource\Core">
      <UniqueIdentifier>{11bbbad0-657e-48dd-9ac6-6fc497c490fa}</UniqueIdentifier>
    </Filter>
    <Filter Include="ソース ファイル\Engine\Resource\D3D11">
      <UniqueIdentifier>{09eeb4f2-b6a4-4894-81f3-917982fd95a4}</UniqueIdentifier>
    </Filter>
    <Filter Include="ソース ファイル\Engine\Resource\D3D12">
      <UniqueIdentifier>{0bdda839-7ba7-49eb-bdb5-af3458904dad}</UniqueIdentifier>
    </Filter>
    <Filter Include="ソース ファイル\Engine\Audio">
      <UniqueIdentifier>{6900e548-d230-4e3b-a701-ae6098f2be51}</UniqueIdentifier>
    </Filter>
    <Filter Include="ソース ファイル\Engine\Window">
      <UniqueIdentifier>{5e03a718-5f73-4779-b9e2-e4522e53b78d}</UniqueIdentifier>
    </Filter>
    <Filter Include="ソース ファイル\Engine\Input">
      <UniqueIdentifier>{bebf7978-d4e5-4632-8522-7038f60ab86f}</UniqueIdentifier>
    </Filter>
    <Filter Include="ソース ファイル\Engine\Network">
      <UniqueIdentifier>{1f833ae2-0420-4e68-b282-be0cf4dd2c9a}</UniqueIdentifier>
    </Filter>
    <Filter Include="ソース ファイル\Engine\Input\XInput">
      <UniqueIdentifier>{6a1c7e82-f493-4e49-9311-c9f060e811e0}</UniqueIdentifier>
    </Filter>
    <Filter Include="ソース ファイル\Engine\Network\WinSock">
      <UniqueIdentifier>{e6a37cf3-bcf7-4ba1-ae35-80131381cea8}</UniqueIdentifier>
    </Filter>
    <Filter Include="ソース ファイル\Engine\Window\Core">
      <UniqueIdentifier>{2d75ea58-2e35-4417-bf5b-9bd14dd8c1c9}</UniqueIdentifier>
    </Filter>
    <Filter Include="ソース ファイル\Engine\Window\Win">
      <UniqueIdentifier>{393ae9a0-02f0-4666-82e6-bebe9b118813}</UniqueIdentifier>
    </Filter>
    <Filter Include="ソース ファイル\Engine\Window\Mac">
      <UniqueIdentifier>{327aff60-9594-4804-8928-d6102fd77c8f}</UniqueIdentifier>
    </Filter>
    <Filter Include="ソース ファイル\Engine\Window\Linux">
      <UniqueIdentifier>{f57eba19-4ec6-421f-b9d6-f5f6e5568da4}</UniqueIdentifier>
    </Filter>
    <Filter Include="ソース ファイル\Engine\Network\Core">
      <UniqueIdentifier>{9cb97c83-dded-4692-9ceb-2fadd7f1d5f3}</UniqueIdentifier>
    </Filter>
    <Filter Include="ソース ファイル\Engine\Input\Core">
      <UniqueIdentifier>{36d7e15a-5aa2-4e48-aff2-e46c0c90daae}</UniqueIdentifier>
    </Filter>
    <Filter Include="ソース ファイル\Engine\Audio\Core">
      <UniqueIdentifier>{f7c58ad6-a323-479f-b352-0207d73785a4}</UniqueIdentifier>
    </Filter>
    <Filter Include="ソース ファイル\Engine\Audio\XAudio">
      <UniqueIdentifier>{97fa1754-180a-4b29-8f3f-c911cd079010}</UniqueIdentifier>
    </Filter>
    <Filter Include="ソース ファイル\Engine\Runtime\Factory">
      <UniqueIdentifier>{d0df89c6-0992-42ce-a83b-88d427fecdcd}</UniqueIdentifier>
    </Filter>
    <Filter Include="ソース ファイル\Engine\Runtime\Pipeline">
      <UniqueIdentifier>{b100ff62-40fa-4283-9700-c4c105b1614b}</UniqueIdentifier>
    </Filter>
    <Filter Include="ソース ファイル\Engine\Main">
      <UniqueIdentifier>{eea154d1-8f8b-4978-887a-dca06fe2b788}</UniqueIdentifier>
    </Filter>
    <Filter Include="ソース ファイル\Engine\Main\Core">
      <UniqueIdentifier>{179a6a59-c1b6-4819-92ff-955e5ffd33a0}</UniqueIdentifier>
    </Filter>
    <Filter Include="ソース ファイル\Engine\Main\Win">
      <UniqueIdentifier>{2ca49e9d-0420-4448-9a07-dba6c093a5d8}</UniqueIdentifier>
    </Filter>
    <Filter Include="ライブラリファイル\ImGui">
      <UniqueIdentifier>{f4017104-92be-4753-b409-9e3c66910ac6}</UniqueIdentifier>
    </Filter>
    <Filter Include="ライブラリファイル\SimpleMath">
      <UniqueIdentifier>{0d003d89-5ba9-4b76-bacf-ad2fc0f34b4a}</UniqueIdentifier>
    </Filter>
    <Filter Include="ソース ファイル\Engine\RHI">
      <UniqueIdentifier>{63a0352a-e2a9-49e6-983a-1a53a2f44d87}</UniqueIdentifier>
    </Filter>
    <Filter Include="ソース ファイル\Engine\RHI\Core">
      <UniqueIdentifier>{d4486ff0-bd6f-4236-bf29-f42d65f03bd4}</UniqueIdentifier>
    </Filter>
    <Filter Include="ソース ファイル\Engine\RHI\D3D11">
      <UniqueIdentifier>{6ea6e3e6-0a7a-4052-8209-b21849fc2206}</UniqueIdentifier>
    </Filter>
    <Filter Include="ソース ファイル\Engine\RHI\D3D12">
      <UniqueIdentifier>{25fdd25a-1ff4-4db9-8306-d22d0fbc32e2}</UniqueIdentifier>
    </Filter>
    <Filter Include="ソース ファイル\Engine\RHI\D3D">
      <UniqueIdentifier>{c26f1cc5-ecd2-475e-ba8e-ccd7194b697f}</UniqueIdentifier>
    </Filter>
  </ItemGroup>
  <ItemGroup>
    <ClCompile Include="Code\Application\StartUp.cpp">
      <Filter>ソース ファイル\App</Filter>
    </ClCompile>
    <ClCompile Include="Code\Application\Scene\TestScene.cpp">
      <Filter>ソース ファイル\App\Scene</Filter>
    </ClCompile>
    <ClCompile Include="Code\Engine\Core\Engine.cpp">
      <Filter>ソース ファイル\Engine\Core</Filter>
    </ClCompile>
    <ClCompile Include="Code\Engine\Editor\Core\EditorWindow.cpp">
      <Filter>ソース ファイル\Engine\Editor\Core</Filter>
    </ClCompile>
    <ClCompile Include="Code\Engine\Editor\Core\EditorWindowManager.cpp">
      <Filter>ソース ファイル\Engine\Editor\Core</Filter>
    </ClCompile>
    <ClCompile Include="Code\Engine\Editor\D3D11\D3D11_Editor.cpp">
      <Filter>ソース ファイル\Engine\Editor\D3D11</Filter>
    </ClCompile>
    <ClCompile Include="Code\Engine\Editor\D3D12\D3D12_Editor.cpp">
      <Filter>ソース ファイル\Engine\Editor\D3D12</Filter>
    </ClCompile>
    <ClCompile Include="Code\Engine\Editor\Window\GameWindow.cpp">
      <Filter>ソース ファイル\Engine\Editor\Window</Filter>
    </ClCompile>
    <ClCompile Include="Code\Engine\Editor\Window\HierarchyWindow.cpp">
      <Filter>ソース ファイル\Engine\Editor\Window</Filter>
    </ClCompile>
    <ClCompile Include="Code\Engine\Editor\Window\InspectorWindow.cpp">
      <Filter>ソース ファイル\Engine\Editor\Window</Filter>
    </ClCompile>
    <ClCompile Include="Code\Engine\Editor\Window\ProjectWindow.cpp">
      <Filter>ソース ファイル\Engine\Editor\Window</Filter>
    </ClCompile>
    <ClCompile Include="Code\Engine\Window\Core\Window.cpp">
      <Filter>ソース ファイル\Engine\Window\Core</Filter>
    </ClCompile>
    <ClCompile Include="Code\Engine\Window\Win\Win_Window.cpp">
      <Filter>ソース ファイル\Engine\Window\Win</Filter>
    </ClCompile>
    <ClCompile Include="Code\Engine\Resource\Core\Geometry.cpp">
      <Filter>ソース ファイル\Engine\Resource\Core</Filter>
    </ClCompile>
    <ClCompile Include="Code\Engine\Resource\Core\Material.cpp">
      <Filter>ソース ファイル\Engine\Resource\Core</Filter>
    </ClCompile>
    <ClCompile Include="Code\Engine\Resource\Core\Shader.cpp">
      <Filter>ソース ファイル\Engine\Resource\Core</Filter>
    </ClCompile>
    <ClCompile Include="Code\Engine\Resource\Core\ResourceManager.cpp">
      <Filter>ソース ファイル\Engine\Resource\Core</Filter>
    </ClCompile>
    <ClCompile Include="Code\Engine\Resource\D3D11\D3D11_GPUBuffer.cpp">
      <Filter>ソース ファイル\Engine\Resource\D3D11</Filter>
    </ClCompile>
    <ClCompile Include="Code\Engine\Resource\D3D11\D3D11_DepthStencil.cpp">
      <Filter>ソース ファイル\Engine\Resource\D3D11</Filter>
    </ClCompile>
    <ClCompile Include="Code\Engine\Resource\D3D11\D3D11_Material.cpp">
      <Filter>ソース ファイル\Engine\Resource\D3D11</Filter>
    </ClCompile>
    <ClCompile Include="Code\Engine\Resource\D3D11\D3D11_RenderBuffer.cpp">
      <Filter>ソース ファイル\Engine\Resource\D3D11</Filter>
    </ClCompile>
    <ClCompile Include="Code\Engine\Resource\D3D11\D3D11_RenderTarget.cpp">
      <Filter>ソース ファイル\Engine\Resource\D3D11</Filter>
    </ClCompile>
    <ClCompile Include="Code\Engine\Resource\D3D11\D3D11_Shader.cpp">
      <Filter>ソース ファイル\Engine\Resource\D3D11</Filter>
    </ClCompile>
    <ClCompile Include="Code\Engine\Resource\D3D11\D3D11_Texture.cpp">
      <Filter>ソース ファイル\Engine\Resource\D3D11</Filter>
    </ClCompile>
    <ClCompile Include="Code\Engine\Resource\D3D12\D3D12_GPUBuffer.cpp">
      <Filter>ソース ファイル\Engine\Resource\D3D12</Filter>
    </ClCompile>
    <ClCompile Include="Code\Engine\Resource\D3D12\D3D12_DepthStencil.cpp">
      <Filter>ソース ファイル\Engine\Resource\D3D12</Filter>
    </ClCompile>
    <ClCompile Include="Code\Engine\Resource\D3D12\D3D12_Material.cpp">
      <Filter>ソース ファイル\Engine\Resource\D3D12</Filter>
    </ClCompile>
    <ClCompile Include="Code\Engine\Resource\D3D12\D3D12_RenderBuffer.cpp">
      <Filter>ソース ファイル\Engine\Resource\D3D12</Filter>
    </ClCompile>
    <ClCompile Include="Code\Engine\Resource\D3D12\D3D12_RenderTarget.cpp">
      <Filter>ソース ファイル\Engine\Resource\D3D12</Filter>
    </ClCompile>
    <ClCompile Include="Code\Engine\Resource\D3D12\D3D12_Shader.cpp">
      <Filter>ソース ファイル\Engine\Resource\D3D12</Filter>
    </ClCompile>
    <ClCompile Include="Code\Engine\Resource\D3D12\D3D12_Texture.cpp">
      <Filter>ソース ファイル\Engine\Resource\D3D12</Filter>
    </ClCompile>
    <ClCompile Include="Code\Engine\Runtime\Component\MeshRenderer.cpp">
      <Filter>ソース ファイル\Engine\Runtime\Component</Filter>
    </ClCompile>
    <ClCompile Include="Code\Engine\Runtime\Core\Component.cpp">
      <Filter>ソース ファイル\Engine\Runtime\Core</Filter>
    </ClCompile>
    <ClCompile Include="Code\Engine\Runtime\Core\ComponentManager.cpp">
      <Filter>ソース ファイル\Engine\Runtime\Core</Filter>
    </ClCompile>
    <ClCompile Include="Code\Engine\Runtime\Core\Entity.cpp">
      <Filter>ソース ファイル\Engine\Runtime\Core</Filter>
    </ClCompile>
    <ClCompile Include="Code\Engine\Runtime\Core\EntityManager.cpp">
      <Filter>ソース ファイル\Engine\Runtime\Core</Filter>
    </ClCompile>
    <ClCompile Include="Code\Engine\Runtime\Core\Scene.cpp">
      <Filter>ソース ファイル\Engine\Runtime\Core</Filter>
    </ClCompile>
    <ClCompile Include="Code\Engine\Runtime\Core\SystemManager.cpp">
      <Filter>ソース ファイル\Engine\Runtime\Core</Filter>
    </ClCompile>
    <ClCompile Include="Code\Engine\Runtime\Core\Transform.cpp">
      <Filter>ソース ファイル\Engine\Runtime\Core</Filter>
    </ClCompile>
    <ClCompile Include="Code\Engine\Runtime\Core\TransformManager.cpp">
      <Filter>ソース ファイル\Engine\Runtime\Core</Filter>
    </ClCompile>
    <ClCompile Include="Code\Engine\Runtime\System\TransformSystem.cpp">
      <Filter>ソース ファイル\Engine\Runtime\System</Filter>
    </ClCompile>
    <ClCompile Include="Code\Engine\Utils\Util_Mathf.cpp">
      <Filter>ソース ファイル\Engine\Utils</Filter>
    </ClCompile>
    <ClCompile Include="Code\Engine\Main\Win\Win_Main.cpp">
      <Filter>ソース ファイル\Engine\Main\Win</Filter>
    </ClCompile>
    <ClCompile Include="Library\ImGui\imgui.cpp">
      <Filter>ライブラリファイル\ImGui</Filter>
    </ClCompile>
    <ClCompile Include="Library\ImGui\imgui_demo.cpp">
      <Filter>ライブラリファイル\ImGui</Filter>
    </ClCompile>
    <ClCompile Include="Library\ImGui\imgui_draw.cpp">
      <Filter>ライブラリファイル\ImGui</Filter>
    </ClCompile>
    <ClCompile Include="Library\ImGui\imgui_impl_dx11.cpp">
      <Filter>ライブラリファイル\ImGui</Filter>
    </ClCompile>
    <ClCompile Include="Library\ImGui\imgui_impl_dx12.cpp">
      <Filter>ライブラリファイル\ImGui</Filter>
    </ClCompile>
    <ClCompile Include="Library\ImGui\imgui_impl_win32.cpp">
      <Filter>ライブラリファイル\ImGui</Filter>
    </ClCompile>
    <ClCompile Include="Library\ImGui\imgui_tables.cpp">
      <Filter>ライブラリファイル\ImGui</Filter>
    </ClCompile>
    <ClCompile Include="Library\ImGui\imgui_widgets.cpp">
      <Filter>ライブラリファイル\ImGui</Filter>
    </ClCompile>
    <ClCompile Include="Library\SimpleMath\SimpleMath.cpp">
      <Filter>ライブラリファイル\SimpleMath</Filter>
    </ClCompile>
    <ClCompile Include="Code\Engine\RHI\Core\RHI_Device.cpp">
      <Filter>ソース ファイル\Engine\RHI\Core</Filter>
    </ClCompile>
    <ClCompile Include="Code\Engine\RHI\Core\RHI_Renderer.cpp">
      <Filter>ソース ファイル\Engine\RHI\Core</Filter>
    </ClCompile>
    <ClCompile Include="Code\Engine\RHI\D3D11\D3D11_CommandList.cpp">
      <Filter>ソース ファイル\Engine\RHI\D3D11</Filter>
    </ClCompile>
    <ClCompile Include="Code\Engine\RHI\D3D11\D3D11_CommonState.cpp">
      <Filter>ソース ファイル\Engine\RHI\D3D11</Filter>
    </ClCompile>
    <ClCompile Include="Code\Engine\RHI\D3D11\D3D11_Defines.cpp">
      <Filter>ソース ファイル\Engine\RHI\D3D11</Filter>
    </ClCompile>
    <ClCompile Include="Code\Engine\RHI\D3D11\D3D11_Device.cpp">
      <Filter>ソース ファイル\Engine\RHI\D3D11</Filter>
    </ClCompile>
    <ClCompile Include="Code\Engine\RHI\D3D11\D3D11_Renderer.cpp">
      <Filter>ソース ファイル\Engine\RHI\D3D11</Filter>
    </ClCompile>
    <ClCompile Include="Code\Engine\RHI\D3D12\D3D12_CommandList.cpp">
      <Filter>ソース ファイル\Engine\RHI\D3D12</Filter>
    </ClCompile>
    <ClCompile Include="Code\Engine\RHI\D3D12\D3D12_CommonState.cpp">
      <Filter>ソース ファイル\Engine\RHI\D3D12</Filter>
    </ClCompile>
    <ClCompile Include="Code\Engine\RHI\D3D12\D3D12_Defines.cpp">
      <Filter>ソース ファイル\Engine\RHI\D3D12</Filter>
    </ClCompile>
    <ClCompile Include="Code\Engine\RHI\D3D12\D3D12_DescriptorPool.cpp">
      <Filter>ソース ファイル\Engine\RHI\D3D12</Filter>
    </ClCompile>
    <ClCompile Include="Code\Engine\RHI\D3D12\D3D12_Device.cpp">
      <Filter>ソース ファイル\Engine\RHI\D3D12</Filter>
    </ClCompile>
    <ClCompile Include="Code\Engine\RHI\D3D12\D3D12_Renderer.cpp">
      <Filter>ソース ファイル\Engine\RHI\D3D12</Filter>
    </ClCompile>
    <ClCompile Include="Code\Engine\RHI\Core\RHI_Shader.cpp">
      <Filter>ソース ファイル\Engine\RHI\Core</Filter>
    </ClCompile>
    <ClCompile Include="Code\Engine\RHI\Core\RHI_ShaderUtil.cpp">
      <Filter>ソース ファイル\Engine\RHI\Core</Filter>
    </ClCompile>
    <ClCompile Include="Code\Engine\RHI\D3D11\D3D11_DepthStencil.cpp">
      <Filter>ソース ファイル\Engine\RHI\D3D11</Filter>
    </ClCompile>
    <ClCompile Include="Code\Engine\RHI\D3D11\D3D11_GPUBuffer.cpp">
      <Filter>ソース ファイル\Engine\RHI\D3D11</Filter>
    </ClCompile>
    <ClCompile Include="Code\Engine\RHI\D3D11\D3D11_RenderTarget.cpp">
      <Filter>ソース ファイル\Engine\RHI\D3D11</Filter>
    </ClCompile>
    <ClCompile Include="Code\Engine\RHI\D3D11\D3D11_GraphicsShader.cpp">
      <Filter>ソース ファイル\Engine\RHI\D3D11</Filter>
    </ClCompile>
    <ClCompile Include="Code\Engine\RHI\D3D11\D3D11_Texture.cpp">
      <Filter>ソース ファイル\Engine\RHI\D3D11</Filter>
    </ClCompile>
    <ClCompile Include="Code\Engine\RHI\Core\RHI_ShaderCBufferLayout.cpp">
      <Filter>ソース ファイル\Engine\RHI\Core</Filter>
    </ClCompile>
    <ClCompile Include="Code\Engine\RHI\D3D\D3D_ShaderCompiler.cpp">
      <Filter>ソース ファイル\Engine\RHI\D3D</Filter>
    </ClCompile>
  </ItemGroup>
  <ItemGroup>
    <ClInclude Include="Code\Application\Scene\TestScene.h">
      <Filter>ソース ファイル\App\Scene</Filter>
    </ClInclude>
    <ClInclude Include="Code\Engine\Core\Engine.h">
      <Filter>ソース ファイル\Engine\Core</Filter>
    </ClInclude>
    <ClInclude Include="Code\Engine\Core\Object.h">
      <Filter>ソース ファイル\Engine\Core</Filter>
    </ClInclude>
    <ClInclude Include="Code\Engine\Core\TypeHash.h">
      <Filter>ソース ファイル\Engine\Core</Filter>
    </ClInclude>
    <ClInclude Include="Code\Engine\Editor\Core\Editor.h">
      <Filter>ソース ファイル\Engine\Editor\Core</Filter>
    </ClInclude>
    <ClInclude Include="Code\Engine\Editor\Core\EditorWindow.h">
      <Filter>ソース ファイル\Engine\Editor\Core</Filter>
    </ClInclude>
    <ClInclude Include="Code\Engine\Editor\Core\EditorWindowManager.h">
      <Filter>ソース ファイル\Engine\Editor\Core</Filter>
    </ClInclude>
    <ClInclude Include="Code\Engine\Editor\D3D11\D3D11_Editor.h">
      <Filter>ソース ファイル\Engine\Editor\D3D11</Filter>
    </ClInclude>
    <ClInclude Include="Code\Engine\Editor\D3D12\D3D12_Editor.h">
      <Filter>ソース ファイル\Engine\Editor\D3D12</Filter>
    </ClInclude>
    <ClInclude Include="Code\Engine\Editor\Window\ConsoleWindow.h">
      <Filter>ソース ファイル\Engine\Editor\Window</Filter>
    </ClInclude>
    <ClInclude Include="Code\Engine\Editor\Window\GameWindow.h">
      <Filter>ソース ファイル\Engine\Editor\Window</Filter>
    </ClInclude>
    <ClInclude Include="Code\Engine\Editor\Window\HierarchyWindow.h">
      <Filter>ソース ファイル\Engine\Editor\Window</Filter>
    </ClInclude>
    <ClInclude Include="Code\Engine\Editor\Window\InspectorWindow.h">
      <Filter>ソース ファイル\Engine\Editor\Window</Filter>
    </ClInclude>
    <ClInclude Include="Code\Engine\Editor\Window\ProjectWindow.h">
      <Filter>ソース ファイル\Engine\Editor\Window</Filter>
    </ClInclude>
    <ClInclude Include="Code\Engine\Editor\Window\SceneWindow.h">
      <Filter>ソース ファイル\Engine\Editor\Window</Filter>
    </ClInclude>
    <ClInclude Include="Code\Engine\Window\Core\Window.h">
      <Filter>ソース ファイル\Engine\Window\Core</Filter>
    </ClInclude>
    <ClInclude Include="Code\Engine\Window\Win\Win_Window.h">
      <Filter>ソース ファイル\Engine\Window\Win</Filter>
    </ClInclude>
    <ClInclude Include="Code\Engine\Window\Win\Win_Resource.h">
      <Filter>ソース ファイル\Engine\Window\Win</Filter>
    </ClInclude>
    <ClInclude Include="Code\Engine\Resource\Core\GPUBuffer.h">
      <Filter>ソース ファイル\Engine\Resource\Core</Filter>
    </ClInclude>
    <ClInclude Include="Code\Engine\Resource\Core\DepthStencil.h">
      <Filter>ソース ファイル\Engine\Resource\Core</Filter>
    </ClInclude>
    <ClInclude Include="Code\Engine\Resource\Core\Geometry.h">
      <Filter>ソース ファイル\Engine\Resource\Core</Filter>
    </ClInclude>
    <ClInclude Include="Code\Engine\Resource\Core\Light.h">
      <Filter>ソース ファイル\Engine\Resource\Core</Filter>
    </ClInclude>
    <ClInclude Include="Code\Engine\Resource\Core\Material.h">
      <Filter>ソース ファイル\Engine\Resource\Core</Filter>
    </ClInclude>
    <ClInclude Include="Code\Engine\Resource\Core\Mesh.h">
      <Filter>ソース ファイル\Engine\Resource\Core</Filter>
    </ClInclude>
    <ClInclude Include="Code\Engine\Resource\Core\RenderBuffer.h">
      <Filter>ソース ファイル\Engine\Resource\Core</Filter>
    </ClInclude>
    <ClInclude Include="Code\Engine\Resource\Core\RenderTarget.h">
      <Filter>ソース ファイル\Engine\Resource\Core</Filter>
    </ClInclude>
    <ClInclude Include="Code\Engine\Resource\Core\Shader.h">
      <Filter>ソース ファイル\Engine\Resource\Core</Filter>
    </ClInclude>
    <ClInclude Include="Code\Engine\Resource\Core\ShaderResource.h">
      <Filter>ソース ファイル\Engine\Resource\Core</Filter>
    </ClInclude>
    <ClInclude Include="Code\Engine\Resource\Core\SubResource.h">
      <Filter>ソース ファイル\Engine\Resource\Core</Filter>
    </ClInclude>
    <ClInclude Include="Code\Engine\Resource\Core\Texture.h">
      <Filter>ソース ファイル\Engine\Resource\Core</Filter>
    </ClInclude>
    <ClInclude Include="Code\Engine\Resource\Core\Resource.h">
      <Filter>ソース ファイル\Engine\Resource\Core</Filter>
    </ClInclude>
    <ClInclude Include="Code\Engine\Resource\Core\ResourceManager.h">
      <Filter>ソース ファイル\Engine\Resource\Core</Filter>
    </ClInclude>
    <ClInclude Include="Code\Engine\Resource\D3D11\D3D11_GPUBuffer.h">
      <Filter>ソース ファイル\Engine\Resource\D3D11</Filter>
    </ClInclude>
    <ClInclude Include="Code\Engine\Resource\D3D11\D3D11_DepthStencil.h">
      <Filter>ソース ファイル\Engine\Resource\D3D11</Filter>
    </ClInclude>
    <ClInclude Include="Code\Engine\Resource\D3D11\D3D11_Material.h">
      <Filter>ソース ファイル\Engine\Resource\D3D11</Filter>
    </ClInclude>
    <ClInclude Include="Code\Engine\Resource\D3D11\D3D11_RenderBuffer.h">
      <Filter>ソース ファイル\Engine\Resource\D3D11</Filter>
    </ClInclude>
    <ClInclude Include="Code\Engine\Resource\D3D11\D3D11_RenderTarget.h">
      <Filter>ソース ファイル\Engine\Resource\D3D11</Filter>
    </ClInclude>
    <ClInclude Include="Code\Engine\Resource\D3D11\D3D11_Shader.h">
      <Filter>ソース ファイル\Engine\Resource\D3D11</Filter>
    </ClInclude>
    <ClInclude Include="Code\Engine\Resource\D3D11\D3D11_Texture.h">
      <Filter>ソース ファイル\Engine\Resource\D3D11</Filter>
    </ClInclude>
    <ClInclude Include="Code\Engine\Resource\D3D12\D3D12_GPUBuffer.h">
      <Filter>ソース ファイル\Engine\Resource\D3D12</Filter>
    </ClInclude>
    <ClInclude Include="Code\Engine\Resource\D3D12\D3D12_DepthStencil.h">
      <Filter>ソース ファイル\Engine\Resource\D3D12</Filter>
    </ClInclude>
    <ClInclude Include="Code\Engine\Resource\D3D12\D3D12_Material.h">
      <Filter>ソース ファイル\Engine\Resource\D3D12</Filter>
    </ClInclude>
    <ClInclude Include="Code\Engine\Resource\D3D12\D3D12_RenderBuffer.h">
      <Filter>ソース ファイル\Engine\Resource\D3D12</Filter>
    </ClInclude>
    <ClInclude Include="Code\Engine\Resource\D3D12\D3D12_RenderTarget.h">
      <Filter>ソース ファイル\Engine\Resource\D3D12</Filter>
    </ClInclude>
    <ClInclude Include="Code\Engine\Resource\D3D12\D3D12_Shader.h">
      <Filter>ソース ファイル\Engine\Resource\D3D12</Filter>
    </ClInclude>
    <ClInclude Include="Code\Engine\Resource\D3D12\D3D12_Texture.h">
      <Filter>ソース ファイル\Engine\Resource\D3D12</Filter>
    </ClInclude>
    <ClInclude Include="Code\Engine\Runtime\Component\MeshRenderer.h">
      <Filter>ソース ファイル\Engine\Runtime\Component</Filter>
    </ClInclude>
    <ClInclude Include="Code\Engine\Runtime\Core\Component.h">
      <Filter>ソース ファイル\Engine\Runtime\Core</Filter>
    </ClInclude>
    <ClInclude Include="Code\Engine\Runtime\Core\ComponentManager.h">
      <Filter>ソース ファイル\Engine\Runtime\Core</Filter>
    </ClInclude>
    <ClInclude Include="Code\Engine\Runtime\Core\Entity.h">
      <Filter>ソース ファイル\Engine\Runtime\Core</Filter>
    </ClInclude>
    <ClInclude Include="Code\Engine\Runtime\Core\EntityManager.h">
      <Filter>ソース ファイル\Engine\Runtime\Core</Filter>
    </ClInclude>
    <ClInclude Include="Code\Engine\Runtime\Core\Pipeline.h">
      <Filter>ソース ファイル\Engine\Runtime\Core</Filter>
    </ClInclude>
    <ClInclude Include="Code\Engine\Runtime\Core\PipelineManager.h">
      <Filter>ソース ファイル\Engine\Runtime\Core</Filter>
    </ClInclude>
    <ClInclude Include="Code\Engine\Runtime\Core\Scene.h">
      <Filter>ソース ファイル\Engine\Runtime\Core</Filter>
    </ClInclude>
    <ClInclude Include="Code\Engine\Runtime\Core\SceneManager.h">
      <Filter>ソース ファイル\Engine\Runtime\Core</Filter>
    </ClInclude>
    <ClInclude Include="Code\Engine\Runtime\Core\Script.h">
      <Filter>ソース ファイル\Engine\Runtime\Core</Filter>
    </ClInclude>
    <ClInclude Include="Code\Engine\Runtime\Core\System.h">
      <Filter>ソース ファイル\Engine\Runtime\Core</Filter>
    </ClInclude>
    <ClInclude Include="Code\Engine\Runtime\Core\SystemManager.h">
      <Filter>ソース ファイル\Engine\Runtime\Core</Filter>
    </ClInclude>
    <ClInclude Include="Code\Engine\Runtime\Core\Transform.h">
      <Filter>ソース ファイル\Engine\Runtime\Core</Filter>
    </ClInclude>
    <ClInclude Include="Code\Engine\Runtime\Core\TransformManager.h">
      <Filter>ソース ファイル\Engine\Runtime\Core</Filter>
    </ClInclude>
    <ClInclude Include="Code\Engine\Runtime\Factory\ComponentFactory.h">
      <Filter>ソース ファイル\Engine\Runtime\Factory</Filter>
    </ClInclude>
    <ClInclude Include="Code\Engine\Runtime\Factory\PipelineFactory.h">
      <Filter>ソース ファイル\Engine\Runtime\Factory</Filter>
    </ClInclude>
    <ClInclude Include="Code\Engine\Runtime\Factory\SystemFactory.h">
      <Filter>ソース ファイル\Engine\Runtime\Factory</Filter>
    </ClInclude>
    <ClInclude Include="Code\Engine\Runtime\System\TransformSystm.h">
      <Filter>ソース ファイル\Engine\Runtime\System</Filter>
    </ClInclude>
    <ClInclude Include="Code\Engine\Utils\Util_Hash.h">
      <Filter>ソース ファイル\Engine\Utils</Filter>
    </ClInclude>
    <ClInclude Include="Code\Engine\Utils\Util_Mathf.h">
      <Filter>ソース ファイル\Engine\Utils</Filter>
    </ClInclude>
    <ClInclude Include="Code\Engine\Utils\Util_Singleton.h">
      <Filter>ソース ファイル\Engine\Utils</Filter>
    </ClInclude>
    <ClInclude Include="Code\Engine\Utils\Util_String.h">
      <Filter>ソース ファイル\Engine\Utils</Filter>
    </ClInclude>
    <ClInclude Include="Code\Engine\Core\TypeID.h">
      <Filter>ソース ファイル\Engine\Core</Filter>
    </ClInclude>
    <ClInclude Include="Code\Engine\Main\Core\Main.h">
      <Filter>ソース ファイル\Engine\Main\Core</Filter>
    </ClInclude>
    <ClInclude Include="Library\ImGui\imconfig.h">
      <Filter>ライブラリファイル\ImGui</Filter>
    </ClInclude>
    <ClInclude Include="Library\ImGui\imgui.h">
      <Filter>ライブラリファイル\ImGui</Filter>
    </ClInclude>
    <ClInclude Include="Library\ImGui\imgui_impl_dx11.h">
      <Filter>ライブラリファイル\ImGui</Filter>
    </ClInclude>
    <ClInclude Include="Library\ImGui\imgui_impl_dx12.h">
      <Filter>ライブラリファイル\ImGui</Filter>
    </ClInclude>
    <ClInclude Include="Library\ImGui\imgui_impl_win32.h">
      <Filter>ライブラリファイル\ImGui</Filter>
    </ClInclude>
    <ClInclude Include="Library\ImGui\imgui_internal.h">
      <Filter>ライブラリファイル\ImGui</Filter>
    </ClInclude>
    <ClInclude Include="Library\ImGui\imstb_rectpack.h">
      <Filter>ライブラリファイル\ImGui</Filter>
    </ClInclude>
    <ClInclude Include="Library\ImGui\imstb_textedit.h">
      <Filter>ライブラリファイル\ImGui</Filter>
    </ClInclude>
    <ClInclude Include="Library\ImGui\imstb_truetype.h">
      <Filter>ライブラリファイル\ImGui</Filter>
    </ClInclude>
    <ClInclude Include="Library\SimpleMath\SimpleMath.h">
      <Filter>ライブラリファイル\SimpleMath</Filter>
    </ClInclude>
    <ClInclude Include="Code\Engine\RHI\Core\RHI_CommandList.h">
      <Filter>ソース ファイル\Engine\RHI\Core</Filter>
    </ClInclude>
    <ClInclude Include="Code\Engine\RHI\Core\RHI_CommonState.h">
      <Filter>ソース ファイル\Engine\RHI\Core</Filter>
    </ClInclude>
    <ClInclude Include="Code\Engine\RHI\Core\RHI_Device.h">
      <Filter>ソース ファイル\Engine\RHI\Core</Filter>
    </ClInclude>
    <ClInclude Include="Code\Engine\RHI\Core\RHI_Renderer.h">
      <Filter>ソース ファイル\Engine\RHI\Core</Filter>
    </ClInclude>
    <ClInclude Include="Code\Engine\RHI\D3D11\D3D11_CommandList.h">
      <Filter>ソース ファイル\Engine\RHI\D3D11</Filter>
    </ClInclude>
    <ClInclude Include="Code\Engine\RHI\D3D11\D3D11_CommonState.h">
      <Filter>ソース ファイル\Engine\RHI\D3D11</Filter>
    </ClInclude>
    <ClInclude Include="Code\Engine\RHI\D3D11\D3D11_Defines.h">
      <Filter>ソース ファイル\Engine\RHI\D3D11</Filter>
    </ClInclude>
    <ClInclude Include="Code\Engine\RHI\D3D11\D3D11_Device.h">
      <Filter>ソース ファイル\Engine\RHI\D3D11</Filter>
    </ClInclude>
    <ClInclude Include="Code\Engine\RHI\D3D11\D3D11_Renderer.h">
      <Filter>ソース ファイル\Engine\RHI\D3D11</Filter>
    </ClInclude>
    <ClInclude Include="Code\Engine\RHI\D3D12\D3D12_CommandList.h">
      <Filter>ソース ファイル\Engine\RHI\D3D12</Filter>
    </ClInclude>
    <ClInclude Include="Code\Engine\RHI\D3D12\D3D12_CommonState.h">
      <Filter>ソース ファイル\Engine\RHI\D3D12</Filter>
    </ClInclude>
    <ClInclude Include="Code\Engine\RHI\D3D12\D3D12_Defines.h">
      <Filter>ソース ファイル\Engine\RHI\D3D12</Filter>
    </ClInclude>
    <ClInclude Include="Code\Engine\RHI\D3D12\D3D12_DescriptorPool.h">
      <Filter>ソース ファイル\Engine\RHI\D3D12</Filter>
    </ClInclude>
    <ClInclude Include="Code\Engine\RHI\D3D12\D3D12_Device.h">
      <Filter>ソース ファイル\Engine\RHI\D3D12</Filter>
    </ClInclude>
    <ClInclude Include="Code\Engine\RHI\D3D12\D3D12_Renderer.h">
      <Filter>ソース ファイル\Engine\RHI\D3D12</Filter>
    </ClInclude>
    <ClInclude Include="Code\Engine\RHI\Core\RHI_DepthStencil.h">
      <Filter>ソース ファイル\Engine\RHI\Core</Filter>
    </ClInclude>
    <ClInclude Include="Code\Engine\RHI\Core\RHI_GPUBuffer.h">
      <Filter>ソース ファイル\Engine\RHI\Core</Filter>
    </ClInclude>
    <ClInclude Include="Code\Engine\RHI\Core\RHI_RenderTarget.h">
      <Filter>ソース ファイル\Engine\RHI\Core</Filter>
    </ClInclude>
    <ClInclude Include="Code\Engine\RHI\Core\RHI_GraphicsShader.h">
      <Filter>ソース ファイル\Engine\RHI\Core</Filter>
    </ClInclude>
    <ClInclude Include="Code\Engine\RHI\Core\RHI_Texture.h">
      <Filter>ソース ファイル\Engine\RHI\Core</Filter>
    </ClInclude>
    <ClInclude Include="Code\Engine\RHI\Core\RHI_ShaderResourceLayout.h">
      <Filter>ソース ファイル\Engine\RHI\Core</Filter>
    </ClInclude>
    <ClInclude Include="Code\Engine\RHI\Core\RHI_ShaderInputLayout.h">
      <Filter>ソース ファイル\Engine\RHI\Core</Filter>
    </ClInclude>
    <ClInclude Include="Code\Engine\RHI\Core\RHI_ShaderUtil.h">
      <Filter>ソース ファイル\Engine\RHI\Core</Filter>
    </ClInclude>
    <ClInclude Include="Code\Engine\RHI\D3D11\D3D11_DepthStencil.h">
      <Filter>ソース ファイル\Engine\RHI\D3D11</Filter>
    </ClInclude>
    <ClInclude Include="Code\Engine\RHI\D3D11\D3D11_GPUBuffer.h">
      <Filter>ソース ファイル\Engine\RHI\D3D11</Filter>
    </ClInclude>
    <ClInclude Include="Code\Engine\RHI\D3D11\D3D11_RenderTarget.h">
      <Filter>ソース ファイル\Engine\RHI\D3D11</Filter>
    </ClInclude>
    <ClInclude Include="Code\Engine\RHI\D3D11\D3D11_GraphicsShader.h">
      <Filter>ソース ファイル\Engine\RHI\D3D11</Filter>
    </ClInclude>
    <ClInclude Include="Code\Engine\RHI\D3D11\D3D11_Texture.h">
      <Filter>ソース ファイル\Engine\RHI\D3D11</Filter>
    </ClInclude>
    <ClInclude Include="Code\Engine\RHI\Core\RHI_ShaderCBufferLayout.h">
      <Filter>ソース ファイル\Engine\RHI\Core</Filter>
    </ClInclude>
    <ClInclude Include="Code\Engine\RHI\D3D\D3D_ShaderCompiler.h">
      <Filter>ソース ファイル\Engine\RHI\D3D</Filter>
    </ClInclude>
  </ItemGroup>
  <ItemGroup>
    <None Include="Library\SimpleMath\SimpleMath.inl">
      <Filter>ライブラリファイル\SimpleMath</Filter>
    </None>
  </ItemGroup>
</Project>