<?xml version="1.0" encoding="utf-8"?>
<Project ToolsVersion="4.0" xmlns="http://schemas.microsoft.com/developer/msbuild/2003">
  <ItemGroup>
    <Filter Include="ソース ファイル">
      <UniqueIdentifier>{4FC737F1-C7A5-4376-A066-2A32D752A2FF}</UniqueIdentifier>
      <Extensions>cpp;c;cc;cxx;c++;cppm;ixx;def;odl;idl;hpj;bat;asm;asmx</Extensions>
    </Filter>
    <Filter Include="リソース ファイル">
      <UniqueIdentifier>{67DA6AB6-F800-4c08-8B7A-83BB121AAD01}</UniqueIdentifier>
      <Extensions>rc;ico;cur;bmp;dlg;rc2;rct;bin;rgs;gif;jpg;jpeg;jpe;resx;tiff;tif;png;wav;mfcribbon-ms</Extensions>
    </Filter>
    <Filter Include="ライブラリファイル">
      <UniqueIdentifier>{8b391ebd-f3e1-416e-8553-128edbb800d5}</UniqueIdentifier>
    </Filter>
    <Filter Include="ソース ファイル\CoreEngine">
      <UniqueIdentifier>{0b9aabcc-9b33-46e6-ac0e-78785db0b66b}</UniqueIdentifier>
    </Filter>
    <Filter Include="ソース ファイル\CoreSystem">
      <UniqueIdentifier>{fd504f3d-c845-4039-8da8-6add0525e821}</UniqueIdentifier>
    </Filter>
    <Filter Include="ソース ファイル\CoreRenderer">
      <UniqueIdentifier>{52aa6559-dd06-45b1-94f7-7ecf5b953876}</UniqueIdentifier>
    </Filter>
    <Filter Include="ソース ファイル\CoreSystem\Input">
      <UniqueIdentifier>{8235c6d1-7fca-4690-80b2-8f2046dadef1}</UniqueIdentifier>
    </Filter>
    <Filter Include="ソース ファイル\CoreSystem\Audio">
      <UniqueIdentifier>{78d1ee35-b5d3-4322-bd11-7c281d830d4c}</UniqueIdentifier>
    </Filter>
    <Filter Include="ソース ファイル\CoreSystem\Window">
      <UniqueIdentifier>{8e87cc29-1f8f-4cf4-8d86-3776253482ac}</UniqueIdentifier>
    </Filter>
    <Filter Include="ソース ファイル\CoreSystem\Main">
      <UniqueIdentifier>{21e06336-2103-4dd3-bef1-8fa820aa4290}</UniqueIdentifier>
    </Filter>
    <Filter Include="ソース ファイル\CoreSystem\Main\Win">
      <UniqueIdentifier>{34c97e90-95c9-4d3d-9d19-baf50cdb73a8}</UniqueIdentifier>
    </Filter>
    <Filter Include="ソース ファイル\CoreSystem\Window\Core">
      <UniqueIdentifier>{183f960c-a462-4f6e-8683-5fc75531516d}</UniqueIdentifier>
    </Filter>
    <Filter Include="ソース ファイル\CoreSystem\Window\Win">
      <UniqueIdentifier>{31e74255-8784-446c-92fd-2a9b4df690f5}</UniqueIdentifier>
    </Filter>
    <Filter Include="ソース ファイル\CoreRenderer\Core">
      <UniqueIdentifier>{40b006c8-c424-4054-8ce8-153e154c09db}</UniqueIdentifier>
    </Filter>
    <Filter Include="ソース ファイル\CoreRenderer\D3D11">
      <UniqueIdentifier>{20857694-4100-4636-a9d2-33f6f994d2e7}</UniqueIdentifier>
    </Filter>
    <Filter Include="ソース ファイル\CoreRenderer\D3D12">
      <UniqueIdentifier>{8d437866-2d74-4e38-a62e-bcc98222a0f4}</UniqueIdentifier>
    </Filter>
    <Filter Include="ソース ファイル\CoreEngine\Component">
      <UniqueIdentifier>{abb1aaa6-0363-4804-b0e5-20a7fa4a0568}</UniqueIdentifier>
    </Filter>
    <Filter Include="ソース ファイル\CoreEngine\System">
      <UniqueIdentifier>{572d1457-9931-497b-85dd-340cb8a7c68f}</UniqueIdentifier>
    </Filter>
    <Filter Include="ソース ファイル\App">
      <UniqueIdentifier>{354a22a3-492b-4903-9777-e371ccf82340}</UniqueIdentifier>
    </Filter>
    <Filter Include="ソース ファイル\App\Scene">
      <UniqueIdentifier>{65948329-30ac-4231-b257-0f6a697245ac}</UniqueIdentifier>
    </Filter>
    <Filter Include="ソース ファイル\CoreEngine\Core">
      <UniqueIdentifier>{111469e6-5caa-4c5f-87ba-9d9e62bbd9f5}</UniqueIdentifier>
    </Filter>
    <Filter Include="ソース ファイル\CoreSystem\GUI">
      <UniqueIdentifier>{7e0db1c4-5db7-4c0c-b0ef-8b36df8aea0a}</UniqueIdentifier>
    </Filter>
    <Filter Include="ソース ファイル\CoreEngine\Editor">
      <UniqueIdentifier>{bee5840f-7636-4531-8646-3483be32374a}</UniqueIdentifier>
    </Filter>
    <Filter Include="ソース ファイル\CoreSystem\GUI\Core">
      <UniqueIdentifier>{dba1eadd-c6c6-4a20-af05-bce6070f040f}</UniqueIdentifier>
    </Filter>
    <Filter Include="ソース ファイル\CoreSystem\GUI\ImGui">
      <UniqueIdentifier>{04a12c80-187c-4787-8853-f4d5454cc81a}</UniqueIdentifier>
    </Filter>
    <Filter Include="ソース ファイル\Utils">
      <UniqueIdentifier>{827b6bfa-42ef-43eb-87bb-a31190c4d94a}</UniqueIdentifier>
    </Filter>
    <Filter Include="ソース ファイル\CoreEngine\Pipeline">
      <UniqueIdentifier>{a6917436-ed06-4453-8f2d-1baf37bf40e7}</UniqueIdentifier>
    </Filter>
    <Filter Include="ソース ファイル\CoreEngine\Resource">
      <UniqueIdentifier>{68d49ddb-9caf-464c-982e-623c68f999d5}</UniqueIdentifier>
    </Filter>
    <Filter Include="ライブラリファイル\ImGui">
      <UniqueIdentifier>{fc169d21-c771-4f7b-b5c7-7fa49ef27822}</UniqueIdentifier>
    </Filter>
    <Filter Include="ライブラリファイル\DirectXTex">
      <UniqueIdentifier>{8dbd5fcb-c009-440e-aab0-35b506015180}</UniqueIdentifier>
    </Filter>
    <Filter Include="ライブラリファイル\SimpleMath">
      <UniqueIdentifier>{313cff93-bb8a-4862-b84c-7e5aab42035d}</UniqueIdentifier>
    </Filter>
  </ItemGroup>
  <ItemGroup>
    <ClCompile Include="Code\CoreSystem\Main\Win\Win_Main.cpp">
      <Filter>ソース ファイル\CoreSystem\Main\Win</Filter>
    </ClCompile>
    <ClCompile Include="Code\CoreSystem\Window\Core\Core_Window.cpp">
      <Filter>ソース ファイル\CoreSystem\Window\Core</Filter>
    </ClCompile>
    <ClCompile Include="Code\CoreSystem\Window\Win\Win_Window.cpp">
      <Filter>ソース ファイル\CoreSystem\Window\Win</Filter>
    </ClCompile>
    <ClCompile Include="Code\CoreEngine\Core_Engine.cpp">
      <Filter>ソース ファイル\CoreEngine</Filter>
    </ClCompile>
    <ClCompile Include="Code\CoreRenderer\Core\Core_Device.cpp">
      <Filter>ソース ファイル\CoreRenderer\Core</Filter>
    </ClCompile>
    <ClCompile Include="Code\CoreRenderer\Core\Core_Material.cpp">
      <Filter>ソース ファイル\CoreRenderer\Core</Filter>
    </ClCompile>
    <ClCompile Include="Code\CoreRenderer\Core\Core_Renderer.cpp">
      <Filter>ソース ファイル\CoreRenderer\Core</Filter>
    </ClCompile>
    <ClCompile Include="Code\CoreRenderer\Core\Core_Shader.cpp">
      <Filter>ソース ファイル\CoreRenderer\Core</Filter>
    </ClCompile>
    <ClCompile Include="Code\CoreRenderer\D3D11\D3D11_Buffer.cpp">
      <Filter>ソース ファイル\CoreRenderer\D3D11</Filter>
    </ClCompile>
    <ClCompile Include="Code\CoreRenderer\D3D11\D3D11_CommandList.cpp">
      <Filter>ソース ファイル\CoreRenderer\D3D11</Filter>
    </ClCompile>
    <ClCompile Include="Code\CoreRenderer\D3D11\D3D11_CommonState.cpp">
      <Filter>ソース ファイル\CoreRenderer\D3D11</Filter>
    </ClCompile>
    <ClCompile Include="Code\CoreRenderer\D3D11\D3D11_Defines.cpp">
      <Filter>ソース ファイル\CoreRenderer\D3D11</Filter>
    </ClCompile>
    <ClCompile Include="Code\CoreRenderer\D3D11\D3D11_DepthStencil.cpp">
      <Filter>ソース ファイル\CoreRenderer\D3D11</Filter>
    </ClCompile>
    <ClCompile Include="Code\CoreRenderer\D3D11\D3D11_Device.cpp">
      <Filter>ソース ファイル\CoreRenderer\D3D11</Filter>
    </ClCompile>
    <ClCompile Include="Code\CoreRenderer\D3D11\D3D11_Material.cpp">
      <Filter>ソース ファイル\CoreRenderer\D3D11</Filter>
    </ClCompile>
    <ClCompile Include="Code\CoreRenderer\D3D11\D3D11_RenderBuffer.cpp">
      <Filter>ソース ファイル\CoreRenderer\D3D11</Filter>
    </ClCompile>
    <ClCompile Include="Code\CoreRenderer\D3D11\D3D11_Renderer.cpp">
      <Filter>ソース ファイル\CoreRenderer\D3D11</Filter>
    </ClCompile>
    <ClCompile Include="Code\CoreRenderer\D3D11\D3D11_RenderTarget.cpp">
      <Filter>ソース ファイル\CoreRenderer\D3D11</Filter>
    </ClCompile>
    <ClCompile Include="Code\CoreRenderer\D3D11\D3D11_Shader.cpp">
      <Filter>ソース ファイル\CoreRenderer\D3D11</Filter>
    </ClCompile>
    <ClCompile Include="Code\CoreRenderer\D3D11\D3D11_Texture.cpp">
      <Filter>ソース ファイル\CoreRenderer\D3D11</Filter>
    </ClCompile>
    <ClCompile Include="Code\CoreRenderer\D3D12\D3D12_Buffer.cpp">
      <Filter>ソース ファイル\CoreRenderer\D3D12</Filter>
    </ClCompile>
    <ClCompile Include="Code\CoreRenderer\D3D12\D3D12_CommandList.cpp">
      <Filter>ソース ファイル\CoreRenderer\D3D12</Filter>
    </ClCompile>
    <ClCompile Include="Code\CoreRenderer\D3D12\D3D12_CommonState.cpp">
      <Filter>ソース ファイル\CoreRenderer\D3D12</Filter>
    </ClCompile>
    <ClCompile Include="Code\CoreRenderer\D3D12\D3D12_Defines.cpp">
      <Filter>ソース ファイル\CoreRenderer\D3D12</Filter>
    </ClCompile>
    <ClCompile Include="Code\CoreRenderer\D3D12\D3D12_DepthStencil.cpp">
      <Filter>ソース ファイル\CoreRenderer\D3D12</Filter>
    </ClCompile>
    <ClCompile Include="Code\CoreRenderer\D3D12\D3D12_Device.cpp">
      <Filter>ソース ファイル\CoreRenderer\D3D12</Filter>
    </ClCompile>
    <ClCompile Include="Code\CoreRenderer\D3D12\D3D12_Material.cpp">
      <Filter>ソース ファイル\CoreRenderer\D3D12</Filter>
    </ClCompile>
    <ClCompile Include="Code\CoreRenderer\D3D12\D3D12_RenderBuffer.cpp">
      <Filter>ソース ファイル\CoreRenderer\D3D12</Filter>
    </ClCompile>
    <ClCompile Include="Code\CoreRenderer\D3D12\D3D12_Renderer.cpp">
      <Filter>ソース ファイル\CoreRenderer\D3D12</Filter>
    </ClCompile>
    <ClCompile Include="Code\CoreRenderer\D3D12\D3D12_RenderTarget.cpp">
      <Filter>ソース ファイル\CoreRenderer\D3D12</Filter>
    </ClCompile>
    <ClCompile Include="Code\CoreRenderer\D3D12\D3D12_Shader.cpp">
      <Filter>ソース ファイル\CoreRenderer\D3D12</Filter>
    </ClCompile>
    <ClCompile Include="Code\CoreRenderer\D3D12\D3D12_Texture.cpp">
      <Filter>ソース ファイル\CoreRenderer\D3D12</Filter>
    </ClCompile>
    <ClCompile Include="Code\Application\StartUp.cpp">
      <Filter>ソース ファイル\App</Filter>
    </ClCompile>
    <ClCompile Include="Code\Application\Scene\TestScene.cpp">
      <Filter>ソース ファイル\App\Scene</Filter>
    </ClCompile>
    <ClCompile Include="Code\CoreRenderer\Core\Core_Geometry.cpp">
      <Filter>ソース ファイル\CoreRenderer\Core</Filter>
    </ClCompile>
    <ClCompile Include="Code\Utils\Util_Mathf.cpp">
      <Filter>ソース ファイル\Utils</Filter>
    </ClCompile>
    <ClCompile Include="Code\CoreEngine\Core\EntityManager.cpp">
      <Filter>ソース ファイル\CoreEngine\Core</Filter>
    </ClCompile>
    <ClCompile Include="Code\CoreEngine\Core\Scene.cpp">
      <Filter>ソース ファイル\CoreEngine\Core</Filter>
    </ClCompile>
    <ClCompile Include="Code\CoreEngine\Core\TransformManager.cpp">
      <Filter>ソース ファイル\CoreEngine\Core</Filter>
    </ClCompile>
    <ClCompile Include="Library\SimpleMath\SimpleMath.cpp">
      <Filter>ライブラリファイル\SimpleMath</Filter>
    </ClCompile>
    <ClCompile Include="Code\CoreEngine\Core\Entity.cpp">
      <Filter>ソース ファイル\CoreEngine\Core</Filter>
    </ClCompile>
    <ClCompile Include="Code\CoreEngine\Core\ComponentManager.cpp">
      <Filter>ソース ファイル\CoreEngine\Core</Filter>
    </ClCompile>
  </ItemGroup>
  <ItemGroup>
    <ClInclude Include="Code\CoreSystem\Main\Core_Main.h">
      <Filter>ソース ファイル\CoreSystem\Main</Filter>
    </ClInclude>
    <ClInclude Include="Code\CoreSystem\Window\Core\Core_Window.h">
      <Filter>ソース ファイル\CoreSystem\Window\Core</Filter>
    </ClInclude>
    <ClInclude Include="Code\CoreSystem\Window\Win\Win_Window.h">
      <Filter>ソース ファイル\CoreSystem\Window\Win</Filter>
    </ClInclude>
    <ClInclude Include="Code\CoreSystem\Window\Win\Win_Resource.h">
      <Filter>ソース ファイル\CoreSystem\Window\Win</Filter>
    </ClInclude>
    <ClInclude Include="Code\CoreEngine\Core_Engine.h">
      <Filter>ソース ファイル\CoreEngine</Filter>
    </ClInclude>
    <ClInclude Include="Code\CoreRenderer\Core\Core_Buffer.h">
      <Filter>ソース ファイル\CoreRenderer\Core</Filter>
    </ClInclude>
    <ClInclude Include="Code\CoreRenderer\Core\Core_CommandList.h">
      <Filter>ソース ファイル\CoreRenderer\Core</Filter>
    </ClInclude>
    <ClInclude Include="Code\CoreRenderer\Core\Core_CommonState.h">
      <Filter>ソース ファイル\CoreRenderer\Core</Filter>
    </ClInclude>
    <ClInclude Include="Code\CoreRenderer\Core\Core_DepthStencil.h">
      <Filter>ソース ファイル\CoreRenderer\Core</Filter>
    </ClInclude>
    <ClInclude Include="Code\CoreRenderer\Core\Core_Device.h">
      <Filter>ソース ファイル\CoreRenderer\Core</Filter>
    </ClInclude>
    <ClInclude Include="Code\CoreRenderer\Core\Core_Light.h">
      <Filter>ソース ファイル\CoreRenderer\Core</Filter>
    </ClInclude>
    <ClInclude Include="Code\CoreRenderer\Core\Core_Material.h">
      <Filter>ソース ファイル\CoreRenderer\Core</Filter>
    </ClInclude>
    <ClInclude Include="Code\CoreRenderer\Core\Core_Mesh.h">
      <Filter>ソース ファイル\CoreRenderer\Core</Filter>
    </ClInclude>
    <ClInclude Include="Code\CoreRenderer\Core\Core_RenderBuffer.h">
      <Filter>ソース ファイル\CoreRenderer\Core</Filter>
    </ClInclude>
    <ClInclude Include="Code\CoreRenderer\Core\Core_Renderer.h">
      <Filter>ソース ファイル\CoreRenderer\Core</Filter>
    </ClInclude>
    <ClInclude Include="Code\CoreRenderer\Core\Core_RenderTarget.h">
      <Filter>ソース ファイル\CoreRenderer\Core</Filter>
    </ClInclude>
    <ClInclude Include="Code\CoreRenderer\Core\Core_Shader.h">
      <Filter>ソース ファイル\CoreRenderer\Core</Filter>
    </ClInclude>
    <ClInclude Include="Code\CoreRenderer\Core\Core_ShaderResource.h">
      <Filter>ソース ファイル\CoreRenderer\Core</Filter>
    </ClInclude>
    <ClInclude Include="Code\CoreRenderer\Core\Core_SubResource.h">
      <Filter>ソース ファイル\CoreRenderer\Core</Filter>
    </ClInclude>
    <ClInclude Include="Code\CoreRenderer\Core\Core_Texture.h">
      <Filter>ソース ファイル\CoreRenderer\Core</Filter>
    </ClInclude>
    <ClInclude Include="Code\CoreRenderer\D3D11\D3D11_Buffer.h">
      <Filter>ソース ファイル\CoreRenderer\D3D11</Filter>
    </ClInclude>
    <ClInclude Include="Code\CoreRenderer\D3D11\D3D11_CommandList.h">
      <Filter>ソース ファイル\CoreRenderer\D3D11</Filter>
    </ClInclude>
    <ClInclude Include="Code\CoreRenderer\D3D11\D3D11_CommonState.h">
      <Filter>ソース ファイル\CoreRenderer\D3D11</Filter>
    </ClInclude>
    <ClInclude Include="Code\CoreRenderer\D3D11\D3D11_Defines.h">
      <Filter>ソース ファイル\CoreRenderer\D3D11</Filter>
    </ClInclude>
    <ClInclude Include="Code\CoreRenderer\D3D11\D3D11_DepthStencil.h">
      <Filter>ソース ファイル\CoreRenderer\D3D11</Filter>
    </ClInclude>
    <ClInclude Include="Code\CoreRenderer\D3D11\D3D11_Device.h">
      <Filter>ソース ファイル\CoreRenderer\D3D11</Filter>
    </ClInclude>
    <ClInclude Include="Code\CoreRenderer\D3D11\D3D11_Material.h">
      <Filter>ソース ファイル\CoreRenderer\D3D11</Filter>
    </ClInclude>
    <ClInclude Include="Code\CoreRenderer\D3D11\D3D11_RenderBuffer.h">
      <Filter>ソース ファイル\CoreRenderer\D3D11</Filter>
    </ClInclude>
    <ClInclude Include="Code\CoreRenderer\D3D11\D3D11_Renderer.h">
      <Filter>ソース ファイル\CoreRenderer\D3D11</Filter>
    </ClInclude>
    <ClInclude Include="Code\CoreRenderer\D3D11\D3D11_RenderTarget.h">
      <Filter>ソース ファイル\CoreRenderer\D3D11</Filter>
    </ClInclude>
    <ClInclude Include="Code\CoreRenderer\D3D11\D3D11_Shader.h">
      <Filter>ソース ファイル\CoreRenderer\D3D11</Filter>
    </ClInclude>
    <ClInclude Include="Code\CoreRenderer\D3D11\D3D11_Texture.h">
      <Filter>ソース ファイル\CoreRenderer\D3D11</Filter>
    </ClInclude>
    <ClInclude Include="Code\CoreRenderer\D3D12\D3D12_Buffer.h">
      <Filter>ソース ファイル\CoreRenderer\D3D12</Filter>
    </ClInclude>
    <ClInclude Include="Code\CoreRenderer\D3D12\D3D12_CommandList.h">
      <Filter>ソース ファイル\CoreRenderer\D3D12</Filter>
    </ClInclude>
    <ClInclude Include="Code\CoreRenderer\D3D12\D3D12_CommonState.h">
      <Filter>ソース ファイル\CoreRenderer\D3D12</Filter>
    </ClInclude>
    <ClInclude Include="Code\CoreRenderer\D3D12\D3D12_Defines.h">
      <Filter>ソース ファイル\CoreRenderer\D3D12</Filter>
    </ClInclude>
    <ClInclude Include="Code\CoreRenderer\D3D12\D3D12_DepthStencil.h">
      <Filter>ソース ファイル\CoreRenderer\D3D12</Filter>
    </ClInclude>
    <ClInclude Include="Code\CoreRenderer\D3D12\D3D12_Device.h">
      <Filter>ソース ファイル\CoreRenderer\D3D12</Filter>
    </ClInclude>
    <ClInclude Include="Code\CoreRenderer\D3D12\D3D12_Material.h">
      <Filter>ソース ファイル\CoreRenderer\D3D12</Filter>
    </ClInclude>
    <ClInclude Include="Code\CoreRenderer\D3D12\D3D12_RenderBuffer.h">
      <Filter>ソース ファイル\CoreRenderer\D3D12</Filter>
    </ClInclude>
    <ClInclude Include="Code\CoreRenderer\D3D12\D3D12_Renderer.h">
      <Filter>ソース ファイル\CoreRenderer\D3D12</Filter>
    </ClInclude>
    <ClInclude Include="Code\CoreRenderer\D3D12\D3D12_RenderTarget.h">
      <Filter>ソース ファイル\CoreRenderer\D3D12</Filter>
    </ClInclude>
    <ClInclude Include="Code\CoreRenderer\D3D12\D3D12_Shader.h">
      <Filter>ソース ファイル\CoreRenderer\D3D12</Filter>
    </ClInclude>
    <ClInclude Include="Code\CoreRenderer\D3D12\D3D12_Texture.h">
      <Filter>ソース ファイル\CoreRenderer\D3D12</Filter>
    </ClInclude>
    <ClInclude Include="Code\Application\Scene\TestScene.h">
      <Filter>ソース ファイル\App\Scene</Filter>
    </ClInclude>
    <ClInclude Include="Code\CoreRenderer\Core\Core_Geometry.h">
      <Filter>ソース ファイル\CoreRenderer\Core</Filter>
    </ClInclude>
    <ClInclude Include="Code\CoreEngine\Core\Object.h">
      <Filter>ソース ファイル\CoreEngine\Core</Filter>
    </ClInclude>
    <ClInclude Include="Code\CoreEngine\Core\TypeHash.h">
      <Filter>ソース ファイル\CoreEngine\Core</Filter>
    </ClInclude>
    <ClInclude Include="Code\CoreEngine\Core\Entity.h">
      <Filter>ソース ファイル\CoreEngine\Core</Filter>
    </ClInclude>
    <ClInclude Include="Code\CoreEngine\Core\Resource.h">
      <Filter>ソース ファイル\CoreEngine\Core</Filter>
    </ClInclude>
    <ClInclude Include="Code\CoreEngine\Core\Component.h">
      <Filter>ソース ファイル\CoreEngine\Core</Filter>
    </ClInclude>
    <ClInclude Include="Code\CoreEngine\Core\Scene.h">
      <Filter>ソース ファイル\CoreEngine\Core</Filter>
    </ClInclude>
    <ClInclude Include="Code\CoreEngine\Core\SceneManager.h">
      <Filter>ソース ファイル\CoreEngine\Core</Filter>
    </ClInclude>
    <ClInclude Include="Code\Utils\Util_Hash.h">
      <Filter>ソース ファイル\Utils</Filter>
    </ClInclude>
    <ClInclude Include="Code\Utils\Util_Mathf.h">
      <Filter>ソース ファイル\Utils</Filter>
    </ClInclude>
    <ClInclude Include="Code\Utils\Util_Singleton.h">
      <Filter>ソース ファイル\Utils</Filter>
    </ClInclude>
    <ClInclude Include="Code\Utils\Util_String.h">
      <Filter>ソース ファイル\Utils</Filter>
    </ClInclude>
    <ClInclude Include="Code\CoreEngine\Core\ResourceManager.h">
      <Filter>ソース ファイル\CoreEngine\Core</Filter>
    </ClInclude>
    <ClInclude Include="Code\CoreEngine\Core\EditorManager.h">
      <Filter>ソース ファイル\CoreEngine\Core</Filter>
    </ClInclude>
    <ClInclude Include="Code\CoreEngine\Core\Editor.h">
      <Filter>ソース ファイル\CoreEngine\Core</Filter>
    </ClInclude>
    <ClInclude Include="Code\CoreEngine\Core\System.h">
      <Filter>ソース ファイル\CoreEngine\Core</Filter>
    </ClInclude>
    <ClInclude Include="Code\CoreEngine\Core\Transform.h">
      <Filter>ソース ファイル\CoreEngine\Core</Filter>
    </ClInclude>
    <ClInclude Include="Code\CoreEngine\Core\Pipeline.h">
      <Filter>ソース ファイル\CoreEngine\Core</Filter>
    </ClInclude>
    <ClInclude Include="Code\CoreEngine\Core\ComponentManager.h">
      <Filter>ソース ファイル\CoreEngine\Core</Filter>
    </ClInclude>
    <ClInclude Include="Code\CoreEngine\Core\EntityManager.h">
      <Filter>ソース ファイル\CoreEngine\Core</Filter>
    </ClInclude>
    <ClInclude Include="Code\CoreEngine\Core\PipelineManager.h">
      <Filter>ソース ファイル\CoreEngine\Core</Filter>
    </ClInclude>
    <ClInclude Include="Code\CoreEngine\Core\SystemManager.h">
      <Filter>ソース ファイル\CoreEngine\Core</Filter>
    </ClInclude>
    <ClInclude Include="Code\CoreEngine\Core\TransformManager.h">
      <Filter>ソース ファイル\CoreEngine\Core</Filter>
    </ClInclude>
    <ClInclude Include="Code\CoreEngine\Core\Script.h">
      <Filter>ソース ファイル\CoreEngine\Core</Filter>
    </ClInclude>
    <ClInclude Include="Code\CoreEngine\Core\TypeID.h">
      <Filter>ソース ファイル\CoreEngine\Core</Filter>
    </ClInclude>
    <ClInclude Include="Library\SimpleMath\SimpleMath.h">
      <Filter>ライブラリファイル\SimpleMath</Filter>
    </ClInclude>
  </ItemGroup>
  <ItemGroup>
    <ResourceCompile Include="Code\CoreSystem\Window\Win\Win_Resource.rc">
      <Filter>ソース ファイル\CoreSystem\Window\Win</Filter>
    </ResourceCompile>
  </ItemGroup>
</Project>